
Microsoft Visual Studio Solution File, Format Version 12.00
# Visual Studio 15
VisualStudioVersion = 15.0.26430.16
MinimumVisualStudioVersion = 10.0.40219.1
Project("{FAE04EC0-301F-11D3-BF4B-00C04F79EFBC}") = "Uvodni", "ConsoleApp1\Uvodni.csproj", "{31F30331-D9D7-4529-9C4C-B096F2654F21}"
EndProject
Project("{FAE04EC0-301F-11D3-BF4B-00C04F79EFBC}") = "Zbroj", "Zbroj\Zbroj.csproj", "{802F9E4F-9437-4A24-9FB6-5658B719672D}"
EndProject
Project("{2150E333-8FDC-42A3-9474-1A3956D46DE8}") = "4.1_Uvod", "4.1_Uvod", "{2B2B72ED-F2FF-4FB9-A8C5-D0C2B9D1F17D}"
EndProject
Project("{FAE04EC0-301F-11D3-BF4B-00C04F79EFBC}") = "Hello", "Hello\Hello.csproj", "{F5EB9F95-4CBC-4BE1-A22D-526EFEF95B25}"
EndProject
Project("{FAE04EC0-301F-11D3-BF4B-00C04F79EFBC}") = "Ispis_Brojeva", "Ispis_Brojeva\Ispis_Brojeva.csproj", "{C9C277A4-8CA9-44FF-BAD5-4ADF6EE9C70F}"
EndProject
Project("{FAE04EC0-301F-11D3-BF4B-00C04F79EFBC}") = "Lediste_Vreliste", "Lediste_Vreliste\Lediste_Vreliste.csproj", "{CC3985DB-6D99-4017-83CB-A6BEAA0DC874}"
EndProject
Project("{2150E333-8FDC-42A3-9474-1A3956D46DE8}") = "5.1_Varijable", "5.1_Varijable", "{4F1AEF2F-C0E2-4411-B99C-FDB728289F25}"
EndProject
Project("{FAE04EC0-301F-11D3-BF4B-00C04F79EFBC}") = "Zbroj_razlika", "Zbroj_razlika\Zbroj_razlika.csproj", "{7EB11F21-CEEC-43FB-8356-5FBED482E9DC}"
EndProject
Project("{2150E333-8FDC-42A3-9474-1A3956D46DE8}") = "5.2_Uvjetno_grananje", "5.2_Uvjetno_grananje", "{8E645268-5ADF-47AC-BE8B-8B5DD6F774CE}"
EndProject
Project("{FAE04EC0-301F-11D3-BF4B-00C04F79EFBC}") = "5_2_1_veci_od_10", "5_2_1_veci_od_10\5_2_1_veci_od_10.csproj", "{B41E3A17-DB40-4A1B-BAE0-3BF621C85AB6}"
EndProject
Project("{FAE04EC0-301F-11D3-BF4B-00C04F79EFBC}") = "5.2.1.2_Pozitivan_Negativan", "5.2.1.2_Pozitivan_Negativan\5.2.1.2_Pozitivan_Negativan.csproj", "{1C334D79-3C24-47FB-8058-E8629023BE52}"
EndProject
Project("{FAE04EC0-301F-11D3-BF4B-00C04F79EFBC}") = "5.2.2_Switch", "5.2.2_Switch\5.2.2_Switch.csproj", "{3614E6C4-98EA-4C2F-983D-F641477FD0ED}"
EndProject
Project("{FAE04EC0-301F-11D3-BF4B-00C04F79EFBC}") = "5.2.3_Exception", "5.2.3_Exception\5.2.3_Exception.csproj", "{B2E48307-13C3-4EF0-A2C4-275ED0412F7C}"
EndProject
Project("{FAE04EC0-301F-11D3-BF4B-00C04F79EFBC}") = "5.2.4.2_Direktor", "5.2.4.2_Direktor\5.2.4.2_Direktor.csproj", "{C41D68F0-AB53-47C1-81C9-E4B03071DB17}"
EndProject
Project("{FAE04EC0-301F-11D3-BF4B-00C04F79EFBC}") = "5.2.4.3_Skola", "5.2.4.3_Skola\5.2.4.3_Skola.csproj", "{B98815A7-DB80-49CE-A393-B84D2F85B4A1}"
EndProject
Project("{FAE04EC0-301F-11D3-BF4B-00C04F79EFBC}") = "5.2.4.1_ime_lozinka", "5.2.4.1_ime_lozinka\5.2.4.1_ime_lozinka.csproj", "{B21AB3E9-64E4-417F-9D16-660F64FC99D3}"
EndProject
Project("{FAE04EC0-301F-11D3-BF4B-00C04F79EFBC}") = "5.2.5_u_intervalu", "5.2.5_u_intervalu\5.2.5_u_intervalu.csproj", "{17A5EA6C-1102-4CC7-B3DC-A8860D986404}"
EndProject
Project("{FAE04EC0-301F-11D3-BF4B-00C04F79EFBC}") = "5.2.6_Dobar_broj_1", "5.2.6_Dobar_broj_1\5.2.6_Dobar_broj_1.csproj", "{346B8C85-CD2C-4014-93E8-719DAD048C0F}"
EndProject
Project("{FAE04EC0-301F-11D3-BF4B-00C04F79EFBC}") = "5.2.7_Dobar_broj_2", "5.2.7_Dobar_broj_2\5.2.7_Dobar_broj_2.csproj", "{6E1BACB1-0666-4413-9324-B3D51257580C}"
EndProject
Project("{FAE04EC0-301F-11D3-BF4B-00C04F79EFBC}") = "5.2.8_prijestupna_godina", "5.2.8_prijestupna_godina\5.2.8_prijestupna_godina.csproj", "{5DD70577-8FD6-46B3-AF94-B64D96DBE55A}"
EndProject
Project("{FAE04EC0-301F-11D3-BF4B-00C04F79EFBC}") = "5.2.9_cjelobrojno_djeljenje", "5.2.9_cjelobrojno_djeljenje\5.2.9_cjelobrojno_djeljenje.csproj", "{BAAC4B9C-ABA1-4807-99A7-35AB29CFD20F}"
EndProject
Project("{2150E333-8FDC-42A3-9474-1A3956D46DE8}") = "5.3_Ciklicke_petlje", "5.3_Ciklicke_petlje", "{BC0295F9-A6CD-47F4-8A1C-E7BE5A94F397}"
EndProject
Project("{FAE04EC0-301F-11D3-BF4B-00C04F79EFBC}") = "Petlje_primjeri", "Petlje_primjeri\Petlje_primjeri.csproj", "{6800FBB9-AECC-431D-9A78-52E9463CB140}"
EndProject
Project("{FAE04EC0-301F-11D3-BF4B-00C04F79EFBC}") = "5.3.1.1_for_algebra", "5.3.1.1_for_algebra\5.3.1.1_for_algebra.csproj", "{D7DDFAE2-2635-4847-8A48-170C5A7306B6}"
EndProject
Project("{FAE04EC0-301F-11D3-BF4B-00C04F79EFBC}") = "5.3.2_primjeri_While", "5.3.2_primjeri_While\5.3.2_primjeri_While.csproj", "{0127817B-9D99-48E0-BF5B-F81B3C9D873E}"
EndProject
Project("{FAE04EC0-301F-11D3-BF4B-00C04F79EFBC}") = "5.3.1_neparni_do_20", "5.3.1_neparni_do_20\5.3.1_neparni_do_20.csproj", "{546A6654-0557-4940-93BC-C6CE198B2DA7}"
EndProject
Project("{FAE04EC0-301F-11D3-BF4B-00C04F79EFBC}") = "5.3.5_djeljivi_s_3", "5.3.5_djeljivi_s_3\5.3.5_djeljivi_s_3.csproj", "{85083219-281F-4D32-BF80-74A943276C3A}"
EndProject
Project("{FAE04EC0-301F-11D3-BF4B-00C04F79EFBC}") = "5.3.7_djeljivi_sa_7_ne_3", "5.3.7_djeljivi_sa_7_ne_3\5.3.7_djeljivi_sa_7_ne_3.csproj", "{49C9DF35-DE00-46B2-964F-2ABBFE8A406E}"
EndProject
Project("{FAE04EC0-301F-11D3-BF4B-00C04F79EFBC}") = "5.3.9_djelitelji", "5.3.9_djelitelji\5.3.9_djelitelji.csproj", "{78E77800-994D-4F37-8EB2-8AC332259C66}"
EndProject
Project("{FAE04EC0-301F-11D3-BF4B-00C04F79EFBC}") = "5.3.11_savrseni_brojevi", "5.3.11_savrseni_brojevi\5.3.11_savrseni_brojevi.csproj", "{5D11DCBE-5042-45D7-982B-C450C6EC57A5}"
EndProject
Global
	GlobalSection(SolutionConfigurationPlatforms) = preSolution
		Debug|Any CPU = Debug|Any CPU
		Release|Any CPU = Release|Any CPU
	EndGlobalSection
	GlobalSection(ProjectConfigurationPlatforms) = postSolution
		{31F30331-D9D7-4529-9C4C-B096F2654F21}.Debug|Any CPU.ActiveCfg = Debug|Any CPU
		{31F30331-D9D7-4529-9C4C-B096F2654F21}.Debug|Any CPU.Build.0 = Debug|Any CPU
		{31F30331-D9D7-4529-9C4C-B096F2654F21}.Release|Any CPU.ActiveCfg = Release|Any CPU
		{31F30331-D9D7-4529-9C4C-B096F2654F21}.Release|Any CPU.Build.0 = Release|Any CPU
		{802F9E4F-9437-4A24-9FB6-5658B719672D}.Debug|Any CPU.ActiveCfg = Debug|Any CPU
		{802F9E4F-9437-4A24-9FB6-5658B719672D}.Debug|Any CPU.Build.0 = Debug|Any CPU
		{802F9E4F-9437-4A24-9FB6-5658B719672D}.Release|Any CPU.ActiveCfg = Release|Any CPU
		{802F9E4F-9437-4A24-9FB6-5658B719672D}.Release|Any CPU.Build.0 = Release|Any CPU
		{F5EB9F95-4CBC-4BE1-A22D-526EFEF95B25}.Debug|Any CPU.ActiveCfg = Debug|Any CPU
		{F5EB9F95-4CBC-4BE1-A22D-526EFEF95B25}.Debug|Any CPU.Build.0 = Debug|Any CPU
		{F5EB9F95-4CBC-4BE1-A22D-526EFEF95B25}.Release|Any CPU.ActiveCfg = Release|Any CPU
		{F5EB9F95-4CBC-4BE1-A22D-526EFEF95B25}.Release|Any CPU.Build.0 = Release|Any CPU
		{C9C277A4-8CA9-44FF-BAD5-4ADF6EE9C70F}.Debug|Any CPU.ActiveCfg = Debug|Any CPU
		{C9C277A4-8CA9-44FF-BAD5-4ADF6EE9C70F}.Debug|Any CPU.Build.0 = Debug|Any CPU
		{C9C277A4-8CA9-44FF-BAD5-4ADF6EE9C70F}.Release|Any CPU.ActiveCfg = Release|Any CPU
		{C9C277A4-8CA9-44FF-BAD5-4ADF6EE9C70F}.Release|Any CPU.Build.0 = Release|Any CPU
		{CC3985DB-6D99-4017-83CB-A6BEAA0DC874}.Debug|Any CPU.ActiveCfg = Debug|Any CPU
		{CC3985DB-6D99-4017-83CB-A6BEAA0DC874}.Debug|Any CPU.Build.0 = Debug|Any CPU
		{CC3985DB-6D99-4017-83CB-A6BEAA0DC874}.Release|Any CPU.ActiveCfg = Release|Any CPU
		{CC3985DB-6D99-4017-83CB-A6BEAA0DC874}.Release|Any CPU.Build.0 = Release|Any CPU
		{7EB11F21-CEEC-43FB-8356-5FBED482E9DC}.Debug|Any CPU.ActiveCfg = Debug|Any CPU
		{7EB11F21-CEEC-43FB-8356-5FBED482E9DC}.Debug|Any CPU.Build.0 = Debug|Any CPU
		{7EB11F21-CEEC-43FB-8356-5FBED482E9DC}.Release|Any CPU.ActiveCfg = Release|Any CPU
		{7EB11F21-CEEC-43FB-8356-5FBED482E9DC}.Release|Any CPU.Build.0 = Release|Any CPU
		{B41E3A17-DB40-4A1B-BAE0-3BF621C85AB6}.Debug|Any CPU.ActiveCfg = Debug|Any CPU
		{B41E3A17-DB40-4A1B-BAE0-3BF621C85AB6}.Debug|Any CPU.Build.0 = Debug|Any CPU
		{B41E3A17-DB40-4A1B-BAE0-3BF621C85AB6}.Release|Any CPU.ActiveCfg = Release|Any CPU
		{B41E3A17-DB40-4A1B-BAE0-3BF621C85AB6}.Release|Any CPU.Build.0 = Release|Any CPU
		{1C334D79-3C24-47FB-8058-E8629023BE52}.Debug|Any CPU.ActiveCfg = Debug|Any CPU
		{1C334D79-3C24-47FB-8058-E8629023BE52}.Debug|Any CPU.Build.0 = Debug|Any CPU
		{1C334D79-3C24-47FB-8058-E8629023BE52}.Release|Any CPU.ActiveCfg = Release|Any CPU
		{1C334D79-3C24-47FB-8058-E8629023BE52}.Release|Any CPU.Build.0 = Release|Any CPU
		{3614E6C4-98EA-4C2F-983D-F641477FD0ED}.Debug|Any CPU.ActiveCfg = Debug|Any CPU
		{3614E6C4-98EA-4C2F-983D-F641477FD0ED}.Debug|Any CPU.Build.0 = Debug|Any CPU
		{3614E6C4-98EA-4C2F-983D-F641477FD0ED}.Release|Any CPU.ActiveCfg = Release|Any CPU
		{3614E6C4-98EA-4C2F-983D-F641477FD0ED}.Release|Any CPU.Build.0 = Release|Any CPU
		{B2E48307-13C3-4EF0-A2C4-275ED0412F7C}.Debug|Any CPU.ActiveCfg = Debug|Any CPU
		{B2E48307-13C3-4EF0-A2C4-275ED0412F7C}.Debug|Any CPU.Build.0 = Debug|Any CPU
		{B2E48307-13C3-4EF0-A2C4-275ED0412F7C}.Release|Any CPU.ActiveCfg = Release|Any CPU
		{B2E48307-13C3-4EF0-A2C4-275ED0412F7C}.Release|Any CPU.Build.0 = Release|Any CPU
		{C41D68F0-AB53-47C1-81C9-E4B03071DB17}.Debug|Any CPU.ActiveCfg = Debug|Any CPU
		{C41D68F0-AB53-47C1-81C9-E4B03071DB17}.Debug|Any CPU.Build.0 = Debug|Any CPU
		{C41D68F0-AB53-47C1-81C9-E4B03071DB17}.Release|Any CPU.ActiveCfg = Release|Any CPU
		{C41D68F0-AB53-47C1-81C9-E4B03071DB17}.Release|Any CPU.Build.0 = Release|Any CPU
		{B98815A7-DB80-49CE-A393-B84D2F85B4A1}.Debug|Any CPU.ActiveCfg = Debug|Any CPU
		{B98815A7-DB80-49CE-A393-B84D2F85B4A1}.Debug|Any CPU.Build.0 = Debug|Any CPU
		{B98815A7-DB80-49CE-A393-B84D2F85B4A1}.Release|Any CPU.ActiveCfg = Release|Any CPU
		{B98815A7-DB80-49CE-A393-B84D2F85B4A1}.Release|Any CPU.Build.0 = Release|Any CPU
		{B21AB3E9-64E4-417F-9D16-660F64FC99D3}.Debug|Any CPU.ActiveCfg = Debug|Any CPU
		{B21AB3E9-64E4-417F-9D16-660F64FC99D3}.Debug|Any CPU.Build.0 = Debug|Any CPU
		{B21AB3E9-64E4-417F-9D16-660F64FC99D3}.Release|Any CPU.ActiveCfg = Release|Any CPU
		{B21AB3E9-64E4-417F-9D16-660F64FC99D3}.Release|Any CPU.Build.0 = Release|Any CPU
		{17A5EA6C-1102-4CC7-B3DC-A8860D986404}.Debug|Any CPU.ActiveCfg = Debug|Any CPU
		{17A5EA6C-1102-4CC7-B3DC-A8860D986404}.Debug|Any CPU.Build.0 = Debug|Any CPU
		{17A5EA6C-1102-4CC7-B3DC-A8860D986404}.Release|Any CPU.ActiveCfg = Release|Any CPU
		{17A5EA6C-1102-4CC7-B3DC-A8860D986404}.Release|Any CPU.Build.0 = Release|Any CPU
		{346B8C85-CD2C-4014-93E8-719DAD048C0F}.Debug|Any CPU.ActiveCfg = Debug|Any CPU
		{346B8C85-CD2C-4014-93E8-719DAD048C0F}.Debug|Any CPU.Build.0 = Debug|Any CPU
		{346B8C85-CD2C-4014-93E8-719DAD048C0F}.Release|Any CPU.ActiveCfg = Release|Any CPU
		{346B8C85-CD2C-4014-93E8-719DAD048C0F}.Release|Any CPU.Build.0 = Release|Any CPU
		{6E1BACB1-0666-4413-9324-B3D51257580C}.Debug|Any CPU.ActiveCfg = Debug|Any CPU
		{6E1BACB1-0666-4413-9324-B3D51257580C}.Debug|Any CPU.Build.0 = Debug|Any CPU
		{6E1BACB1-0666-4413-9324-B3D51257580C}.Release|Any CPU.ActiveCfg = Release|Any CPU
		{6E1BACB1-0666-4413-9324-B3D51257580C}.Release|Any CPU.Build.0 = Release|Any CPU
		{5DD70577-8FD6-46B3-AF94-B64D96DBE55A}.Debug|Any CPU.ActiveCfg = Debug|Any CPU
		{5DD70577-8FD6-46B3-AF94-B64D96DBE55A}.Debug|Any CPU.Build.0 = Debug|Any CPU
		{5DD70577-8FD6-46B3-AF94-B64D96DBE55A}.Release|Any CPU.ActiveCfg = Release|Any CPU
		{5DD70577-8FD6-46B3-AF94-B64D96DBE55A}.Release|Any CPU.Build.0 = Release|Any CPU
		{BAAC4B9C-ABA1-4807-99A7-35AB29CFD20F}.Debug|Any CPU.ActiveCfg = Debug|Any CPU
		{BAAC4B9C-ABA1-4807-99A7-35AB29CFD20F}.Debug|Any CPU.Build.0 = Debug|Any CPU
		{BAAC4B9C-ABA1-4807-99A7-35AB29CFD20F}.Release|Any CPU.ActiveCfg = Release|Any CPU
		{BAAC4B9C-ABA1-4807-99A7-35AB29CFD20F}.Release|Any CPU.Build.0 = Release|Any CPU
		{6800FBB9-AECC-431D-9A78-52E9463CB140}.Debug|Any CPU.ActiveCfg = Debug|Any CPU
		{6800FBB9-AECC-431D-9A78-52E9463CB140}.Debug|Any CPU.Build.0 = Debug|Any CPU
		{6800FBB9-AECC-431D-9A78-52E9463CB140}.Release|Any CPU.ActiveCfg = Release|Any CPU
		{6800FBB9-AECC-431D-9A78-52E9463CB140}.Release|Any CPU.Build.0 = Release|Any CPU
		{D7DDFAE2-2635-4847-8A48-170C5A7306B6}.Debug|Any CPU.ActiveCfg = Debug|Any CPU
		{D7DDFAE2-2635-4847-8A48-170C5A7306B6}.Debug|Any CPU.Build.0 = Debug|Any CPU
		{D7DDFAE2-2635-4847-8A48-170C5A7306B6}.Release|Any CPU.ActiveCfg = Release|Any CPU
		{D7DDFAE2-2635-4847-8A48-170C5A7306B6}.Release|Any CPU.Build.0 = Release|Any CPU
		{0127817B-9D99-48E0-BF5B-F81B3C9D873E}.Debug|Any CPU.ActiveCfg = Debug|Any CPU
		{0127817B-9D99-48E0-BF5B-F81B3C9D873E}.Debug|Any CPU.Build.0 = Debug|Any CPU
		{0127817B-9D99-48E0-BF5B-F81B3C9D873E}.Release|Any CPU.ActiveCfg = Release|Any CPU
		{0127817B-9D99-48E0-BF5B-F81B3C9D873E}.Release|Any CPU.Build.0 = Release|Any CPU
		{546A6654-0557-4940-93BC-C6CE198B2DA7}.Debug|Any CPU.ActiveCfg = Debug|Any CPU
		{546A6654-0557-4940-93BC-C6CE198B2DA7}.Debug|Any CPU.Build.0 = Debug|Any CPU
		{546A6654-0557-4940-93BC-C6CE198B2DA7}.Release|Any CPU.ActiveCfg = Release|Any CPU
		{546A6654-0557-4940-93BC-C6CE198B2DA7}.Release|Any CPU.Build.0 = Release|Any CPU
		{85083219-281F-4D32-BF80-74A943276C3A}.Debug|Any CPU.ActiveCfg = Debug|Any CPU
		{85083219-281F-4D32-BF80-74A943276C3A}.Debug|Any CPU.Build.0 = Debug|Any CPU
		{85083219-281F-4D32-BF80-74A943276C3A}.Release|Any CPU.ActiveCfg = Release|Any CPU
		{85083219-281F-4D32-BF80-74A943276C3A}.Release|Any CPU.Build.0 = Release|Any CPU
		{49C9DF35-DE00-46B2-964F-2ABBFE8A406E}.Debug|Any CPU.ActiveCfg = Debug|Any CPU
		{49C9DF35-DE00-46B2-964F-2ABBFE8A406E}.Debug|Any CPU.Build.0 = Debug|Any CPU
		{49C9DF35-DE00-46B2-964F-2ABBFE8A406E}.Release|Any CPU.ActiveCfg = Release|Any CPU
		{49C9DF35-DE00-46B2-964F-2ABBFE8A406E}.Release|Any CPU.Build.0 = Release|Any CPU
		{78E77800-994D-4F37-8EB2-8AC332259C66}.Debug|Any CPU.ActiveCfg = Debug|Any CPU
		{78E77800-994D-4F37-8EB2-8AC332259C66}.Debug|Any CPU.Build.0 = Debug|Any CPU
		{78E77800-994D-4F37-8EB2-8AC332259C66}.Release|Any CPU.ActiveCfg = Release|Any CPU
		{78E77800-994D-4F37-8EB2-8AC332259C66}.Release|Any CPU.Build.0 = Release|Any CPU
		{5D11DCBE-5042-45D7-982B-C450C6EC57A5}.Debug|Any CPU.ActiveCfg = Debug|Any CPU
		{5D11DCBE-5042-45D7-982B-C450C6EC57A5}.Debug|Any CPU.Build.0 = Debug|Any CPU
		{5D11DCBE-5042-45D7-982B-C450C6EC57A5}.Release|Any CPU.ActiveCfg = Release|Any CPU
		{5D11DCBE-5042-45D7-982B-C450C6EC57A5}.Release|Any CPU.Build.0 = Release|Any CPU
	EndGlobalSection
	GlobalSection(SolutionProperties) = preSolution
		HideSolutionNode = FALSE
	EndGlobalSection
	GlobalSection(NestedProjects) = preSolution
		{F5EB9F95-4CBC-4BE1-A22D-526EFEF95B25} = {2B2B72ED-F2FF-4FB9-A8C5-D0C2B9D1F17D}
		{C9C277A4-8CA9-44FF-BAD5-4ADF6EE9C70F} = {2B2B72ED-F2FF-4FB9-A8C5-D0C2B9D1F17D}
		{CC3985DB-6D99-4017-83CB-A6BEAA0DC874} = {2B2B72ED-F2FF-4FB9-A8C5-D0C2B9D1F17D}
		{7EB11F21-CEEC-43FB-8356-5FBED482E9DC} = {4F1AEF2F-C0E2-4411-B99C-FDB728289F25}
		{B41E3A17-DB40-4A1B-BAE0-3BF621C85AB6} = {8E645268-5ADF-47AC-BE8B-8B5DD6F774CE}
		{1C334D79-3C24-47FB-8058-E8629023BE52} = {8E645268-5ADF-47AC-BE8B-8B5DD6F774CE}
		{3614E6C4-98EA-4C2F-983D-F641477FD0ED} = {8E645268-5ADF-47AC-BE8B-8B5DD6F774CE}
		{B2E48307-13C3-4EF0-A2C4-275ED0412F7C} = {8E645268-5ADF-47AC-BE8B-8B5DD6F774CE}
		{C41D68F0-AB53-47C1-81C9-E4B03071DB17} = {8E645268-5ADF-47AC-BE8B-8B5DD6F774CE}
		{B98815A7-DB80-49CE-A393-B84D2F85B4A1} = {8E645268-5ADF-47AC-BE8B-8B5DD6F774CE}
		{B21AB3E9-64E4-417F-9D16-660F64FC99D3} = {8E645268-5ADF-47AC-BE8B-8B5DD6F774CE}
		{17A5EA6C-1102-4CC7-B3DC-A8860D986404} = {8E645268-5ADF-47AC-BE8B-8B5DD6F774CE}
		{346B8C85-CD2C-4014-93E8-719DAD048C0F} = {8E645268-5ADF-47AC-BE8B-8B5DD6F774CE}
		{6E1BACB1-0666-4413-9324-B3D51257580C} = {8E645268-5ADF-47AC-BE8B-8B5DD6F774CE}
		{5DD70577-8FD6-46B3-AF94-B64D96DBE55A} = {8E645268-5ADF-47AC-BE8B-8B5DD6F774CE}
		{BAAC4B9C-ABA1-4807-99A7-35AB29CFD20F} = {8E645268-5ADF-47AC-BE8B-8B5DD6F774CE}
		{6800FBB9-AECC-431D-9A78-52E9463CB140} = {BC0295F9-A6CD-47F4-8A1C-E7BE5A94F397}
		{D7DDFAE2-2635-4847-8A48-170C5A7306B6} = {BC0295F9-A6CD-47F4-8A1C-E7BE5A94F397}
		{0127817B-9D99-48E0-BF5B-F81B3C9D873E} = {BC0295F9-A6CD-47F4-8A1C-E7BE5A94F397}
		{546A6654-0557-4940-93BC-C6CE198B2DA7} = {BC0295F9-A6CD-47F4-8A1C-E7BE5A94F397}
		{85083219-281F-4D32-BF80-74A943276C3A} = {BC0295F9-A6CD-47F4-8A1C-E7BE5A94F397}
		{49C9DF35-DE00-46B2-964F-2ABBFE8A406E} = {BC0295F9-A6CD-47F4-8A1C-E7BE5A94F397}
		{78E77800-994D-4F37-8EB2-8AC332259C66} = {BC0295F9-A6CD-47F4-8A1C-E7BE5A94F397}
		{5D11DCBE-5042-45D7-982B-C450C6EC57A5} = {BC0295F9-A6CD-47F4-8A1C-E7BE5A94F397}
	EndGlobalSection
EndGlobal
